
Microsoft Visual Studio Solution File, Format Version 12.00
# Visual Studio Version 17
VisualStudioVersion = 17.2.32630.192
MinimumVisualStudioVersion = 10.0.40219.1
Project("{FAE04EC0-301F-11D3-BF4B-00C04F79EFBC}") = "BuscaGrafo", "BuscaGrafo\BuscaGrafo.csproj", "{E32FFC9B-4776-47B1-B43C-4C5200BCC6B9}"
EndProject
Global
	GlobalSection(SolutionConfigurationPlatforms) = preSolution
		Debug|Any CPU = Debug|Any CPU
		Release|Any CPU = Release|Any CPU
	EndGlobalSection
	GlobalSection(ProjectConfigurationPlatforms) = postSolution
		{E32FFC9B-4776-47B1-B43C-4C5200BCC6B9}.Debug|Any CPU.ActiveCfg = Debug|Any CPU
		{E32FFC9B-4776-47B1-B43C-4C5200BCC6B9}.Debug|Any CPU.Build.0 = Debug|Any CPU
		{E32FFC9B-4776-47B1-B43C-4C5200BCC6B9}.Release|Any CPU.ActiveCfg = Release|Any CPU
		{E32FFC9B-4776-47B1-B43C-4C5200BCC6B9}.Release|Any CPU.Build.0 = Release|Any CPU
	EndGlobalSection
	GlobalSection(SolutionProperties) = preSolution
		HideSolutionNode = FALSE
	EndGlobalSection
	GlobalSection(ExtensibilityGlobals) = postSolution
		SolutionGuid = {9C3F45D9-CF23-4AD7-91F6-67ADD8377917}
	EndGlobalSection
EndGlobal
